PODS:
  - Flutter (1.0.0)
  - integration_test (0.0.1):
    - Flutter
  - local_auth_ios (0.0.1):
    - Flutter
  - tbib_biometric_storage (0.0.1):
    - Flutter

DEPENDENCIES:
  - Flutter (from `Flutter`)
  - integration_test (from `.symlinks/plugins/integration_test/ios`)
  - local_auth_ios (from `.symlinks/plugins/local_auth_ios/ios`)
  - tbib_biometric_storage (from `.symlinks/plugins/tbib_biometric_storage/ios`)

EXTERNAL SOURCES:
  Flutter:
    :path: Flutter
  integration_test:
    :path: ".symlinks/plugins/integration_test/ios"
  local_auth_ios:
    :path: ".symlinks/plugins/local_auth_ios/ios"
  tbib_biometric_storage:
    :path: ".symlinks/plugins/tbib_biometric_storage/ios"

SPEC CHECKSUMS:
  Flutter: f04841e97a9d0b0a8025694d0796dd46242b2854
  integration_test: 13825b8a9334a850581300559b8839134b124670
  local_auth_ios: c6cf091ded637a88f24f86a8875d8b0f526e2605
  tbib_biometric_storage: da8490d08169c5dc5575732b42b87739e948e5ed

PODFILE CHECKSUM: 70d9d25280d0dd177a5f637cdb0f0b0b12c6a189

COCOAPODS: 1.14.3
